{
    "_readme": [
        "This file locks the dependencies of your project to a known state",
        "Read more about it at http://getcomposer.org/doc/01-basic-usage.md#composer-lock-the-lock-file",
        "This file is @generated automatically"
    ],
    "hash": "044bc1b25d5b30dd4f56a646ada260f1",
    "packages": [
        {
            "name": "composer/installers",
            "version": "v1.0.21",
            "source": {
                "type": "git",
                "url": "https://github.com/composer/installers.git",
                "reference": "d64e23fce42a4063d63262b19b8e7c0f3b5e4c45"
            },
            "dist": {
                "type": "zip",
                "url": "https://api.github.com/repos/composer/installers/zipball/d64e23fce42a4063d63262b19b8e7c0f3b5e4c45",
                "reference": "d64e23fce42a4063d63262b19b8e7c0f3b5e4c45",
                "shasum": ""
            },
            "replace": {
                "roundcube/plugin-installer": "*",
                "shama/baton": "*"
            },
            "require-dev": {
                "composer/composer": "1.0.*@dev",
                "phpunit/phpunit": "4.1.*"
            },
            "type": "composer-installer",
            "extra": {
                "class": "Composer\\Installers\\Installer",
                "branch-alias": {
                    "dev-master": "1.0-dev"
                }
            },
            "autoload": {
                "psr-0": {
                    "Composer\\Installers\\": "src/"
                }
            },
            "notification-url": "https://packagist.org/downloads/",
            "license": [
                "MIT"
            ],
            "authors": [
                {
                    "name": "Kyle Robinson Young",
                    "email": "kyle@dontkry.com",
                    "homepage": "https://github.com/shama"
                }
            ],
            "description": "A multi-framework Composer library installer",
            "homepage": "http://composer.github.com/installers/",
            "keywords": [
                "Craft",
                "Dolibarr",
                "Hurad",
                "MODX Evo",
                "OXID",
                "SMF",
                "Thelia",
                "WolfCMS",
                "agl",
                "aimeos",
                "annotatecms",
                "bitrix",
                "cakephp",
                "chef",
                "codeigniter",
                "concrete5",
                "croogo",
                "dokuwiki",
                "drupal",
                "elgg",
                "fuelphp",
                "grav",
                "installer",
                "joomla",
                "kohana",
                "laravel",
                "lithium",
                "magento",
                "mako",
                "mediawiki",
                "modulework",
                "moodle",
                "phpbb",
                "piwik",
                "ppi",
                "puppet",
                "roundcube",
                "shopware",
                "silverstripe",
                "symfony",
                "typo3",
                "wordpress",
                "zend",
                "zikula"
            ],
            "time": "2015-02-18 17:17:01"
        },
        {
            "name": "fancyguy/webroot-installer",
            "version": "1.1.0",
            "source": {
                "type": "git",
                "url": "https://github.com/fancyguy/webroot-installer.git",
                "reference": "a2d5c2e149d837e5580a62a91d3c91577aa30d28"
            },
            "dist": {
                "type": "zip",
                "url": "https://api.github.com/repos/fancyguy/webroot-installer/zipball/a2d5c2e149d837e5580a62a91d3c91577aa30d28",
                "reference": "a2d5c2e149d837e5580a62a91d3c91577aa30d28",
                "shasum": ""
            },
            "require-dev": {
                "composer/composer": "1.0.*@dev",
                "phpunit/phpunit": "3.7.*"
            },
            "type": "composer-installer",
            "extra": {
                "class": "FancyGuy\\Composer\\WebrootInstaller"
            },
            "autoload": {
                "psr-0": {
                    "FancyGuy\\Composer\\": "src/"
                }
            },
            "notification-url": "https://packagist.org/downloads/",
            "license": [
                "BSD-3-Clause"
            ],
            "authors": [
                {
                    "name": "Steve Buzonas",
                    "email": "steve@fancyguy.com",
                    "homepage": "http://www.stevebuzonas.com"
                }
            ],
            "description": "A composer installer for libraries that live in an application webroot.",
            "homepage": "http://fancyguy.github.com/webroot-installer/",
            "time": "2013-03-15 17:51:14"
        },
        {
            "name": "iip-design/america",
            "version": "1.2",
            "source": {
                "type": "git",
                "url": "git@github.com:IIP-Design/America-theme.git",
                "reference": "05f21be0c8243f83502ca94ef5646b2e8b6eaa50"
            },
            "require": {
                "composer/installers": "v1.0.21"
            },
            "type": "wordpress-theme",
            "license": [
                "MIT"
            ],
            "authors": [
                {
                    "name": "Nathan Kleekamp",
                    "email": "nkleekamp@gmail.com"
                }
            ],
            "description": "The America.gov base theme",
            "time": "2015-04-03 17:53:26"
        },
        {
            "name": "iip-design/america-publication-post-type",
            "version": "dev-master",
            "source": {
                "type": "git",
                "url": "git@github.com:IIP-Design/america-publication-post-type.git",
                "reference": "3bad2d26c7893b30de264d7b37b71456305d7cb6"
            },
            "require": {
                "composer/installers": "~1.0"
            },
            "type": "wordpress-plugin",
            "authors": [
                {
                    "name": "Office of Design, Bureau of International Information Programs",
                    "email": "reganta@america.gov"
                }
            ],
            "description": "Custom Publication Post Type",
            "time": "2015-03-17 00:16:52"
        },
        {
            "name": "iipdesign/genesis",
            "version": "dev-master",
            "source": {
                "type": "git",
                "url": "git@bitbucket.org:iipdesign/genesis-framework.git",
                "reference": "42570fd4c96ff65d4db2ccd6a2e56a16b12bde3e"
            },
            "require": {
                "composer/installers": "v1.0.21"
            },
            "type": "wordpress-theme",
            "license": [
                "GPL v2.0"
            ],
            "authors": [
                {
                    "name": "Studiopress",
                    "email": "genesis@copyblogger.com"
                }
            ],
            "description": "The Genesis Framework package for America.gov",
            "time": "2015-03-11 16:13:39"
        },
        {
            "name": "iipdesign/mailchimp-for-wordpress-pro",
            "version": "dev-master",
            "source": {
                "type": "git",
                "url": "git@bitbucket.org:iipdesign/mailchimp-for-wordpress-pro.git",
                "reference": "16a821b7bd5d13f2af6704f82d9ffeb3497759c3"
            },
            "require": {
                "composer/installers": "v1.0.21"
            },
            "type": "wordpress-plugin",
            "license": [
                "GPL"
            ],
            "authors": [
                {
                    "name": "Nathan Kleekamp",
                    "email": "nkleekamp@gmail.com"
                }
            ],
            "description": "The best MailChimp plugin for WordPress.",
            "time": "2015-03-20 17:43:28"
        },
        {
            "name": "iipdesign/sitepress-multilingual-cms",
            "version": "dev-master",
            "source": {
                "type": "git",
                "url": "git@bitbucket.org:iipdesign/wpml-sitepress-multilingual-cms.git",
                "reference": "d96bd18c659db03059e9a68898470e1429e82003"
            },
            "require": {
                "composer/installers": "v1.0.21"
            },
            "type": "wordpress-plugin",
            "license": [
                "GPL"
            ],
            "authors": [
                {
                    "name": "Nathan Kleekamp",
                    "email": "nkleekamp@gmail.com"
                }
            ],
            "description": "The core plugin turns WordPress multilingual. It adds the basic translation controls and allows translating content.",
            "time": "2015-04-03 17:51:38"
        },
        {
            "name": "iipdesign/wpml-cms-nav",
            "version": "dev-master",
            "source": {
                "type": "git",
                "url": "git@bitbucket.org:iipdesign/wpml-cms-nav.git",
                "reference": "d92b5a52a2d21553f4f1fd50080db9938833de4c"
            },
            "require": {
                "composer/installers": "v1.0.21"
            },
            "type": "wordpress-plugin",
            "license": [
                "GPL"
            ],
            "authors": [
                {
                    "name": "Nathan Kleekamp",
                    "email": "nkleekamp@gmail.com"
                }
            ],
            "description": "The CMS Navigation plugin adds navigational elements which you can use when building the site. This includes a breadcrumbs trail, drop-down menus and sidebar navigation.",
            "time": "2015-04-03 18:03:35"
        },
        {
            "name": "iipdesign/wpml-media",
            "version": "dev-master",
            "source": {
                "type": "git",
                "url": "git@bitbucket.org:iipdesign/wpml-media-translation.git",
                "reference": "e36e3c87fb7e04e7ebba8a835188faeda1ac34ce"
            },
            "require": {
                "composer/installers": "v1.0.21"
            },
            "type": "wordpress-plugin",
            "license": [
                "GPL"
            ],
            "authors": [
                {
                    "name": "Nathan Kleekamp",
                    "email": "nkleekamp@gmail.com"
                }
            ],
            "description": "This plugin allows using the WordPress Gallery in different languages. You can control which images will display for each language.",
            "time": "2015-04-03 18:02:41"
        },
        {
            "name": "iipdesign/wpml-sticky-links",
            "version": "dev-master",
            "source": {
                "type": "git",
                "url": "git@bitbucket.org:iipdesign/wpml-sticky-links.git",
                "reference": "9b562cc09aef738d935a8cd4ede85776d470ea96"
            },
            "require": {
                "composer/installers": "v1.0.21"
            },
            "type": "wordpress-plugin",
            "license": [
                "GPL"
            ],
            "authors": [
                {
                    "name": "Nathan Kleekamp",
                    "email": "nkleekamp@gmail.com"
                }
            ],
            "description": "The Sticky Links plugin keeps internal links from ever breaking. It automatically tracks linked pages in your site and keeps all incoming links up-to-date. When you change permalink structure, hierarchy and even page slugs, all incoming links update immediately.",
            "time": "2015-04-03 18:01:42"
        },
        {
            "name": "iipdesign/wpml-string-translation",
            "version": "dev-master",
            "source": {
                "type": "git",
                "url": "git@bitbucket.org:iipdesign/wpml-string-translation.git",
                "reference": "aba4989b7cfdc2501ad66b613529f6544819c688"
            },
            "require": {
                "composer/installers": "v1.0.21"
            },
            "type": "wordpress-plugin",
            "license": [
                "GPL"
            ],
            "authors": [
                {
                    "name": "Nathan Kleekamp",
                    "email": "nkleekamp@gmail.com"
                }
            ],
            "description": "The String Translation plugin allows to translate interface strings directly from within WordPress without having to use .mo files. \n\nThe String Translation plugin allows more than just translating static texts. It also lets you translate user-generated texts that are outside of posts and pages. For example, the tagline and SEO data.",
            "time": "2015-04-03 18:00:36"
        },
        {
            "name": "iipdesign/wpml-theme-tester",
            "version": "dev-master",
            "source": {
                "type": "git",
                "url": "git@bitbucket.org:iipdesign/wpml-theme-tester.git",
                "reference": "dfbd2eca324cab064af8e5c5c0bcb0f72cc50301"
            },
            "require": {
                "composer/installers": "v1.0.21"
            },
            "type": "wordpress-plugin",
            "license": [
                "GPL"
            ],
            "authors": [
                {
                    "name": "Nathan Kleekamp",
                    "email": "nkleekamp@gmail.com"
                }
            ],
            "time": "2015-03-11 16:35:02"
        },
        {
            "name": "iipdesign/wpml-translation-management",
            "version": "dev-master",
            "source": {
                "type": "git",
                "url": "git@bitbucket.org:iipdesign/wpml-translation-management.git",
                "reference": "7114e79d5acbdcac4309875d289d06d5e220e20a"
            },
            "require": {
                "composer/installers": "v1.0.21"
            },
            "type": "wordpress-plugin",
            "license": [
                "GPL"
            ],
            "authors": [
                {
                    "name": "Nathan Kleekamp",
                    "email": "nkleekamp@gmail.com"
                }
            ],
            "description": "When your clients receive their newly created multilingual site, your work ends and their work begins. The Translation Management plugin helps site admins manage their translation work. They will turn normal users into translators, send jobs to them and track progress of the site’s translation status.",
            "time": "2015-04-03 17:58:12"
        },
        {
            "name": "iipdesign/wpml-xliff",
            "version": "dev-master",
            "source": {
                "type": "git",
                "url": "git@bitbucket.org:iipdesign/wpml-xliff.git",
                "reference": "f70bddf46add3acafc9d0e6467401f352a223aba"
            },
            "require": {
                "composer/installers": "v1.0.21"
            },
            "type": "wordpress-plugin",
            "license": [
                "GPL"
            ],
            "authors": [
                {
                    "name": "Nathan Kleekamp",
                    "email": "nkleekamp@gmail.com"
                }
            ],
            "description": "Lets you send content to translation services or freelance translators using the industry-standard XLIFF interface. The XLIFF interface extends WPML’s Translation Dashboard allowing you to send documents and receive them in XLIFF format.",
            "time": "2015-04-03 17:55:27"
        },
        {
            "name": "koodimonni/composer-dropin-installer",
            "version": "0.2.4",
            "source": {
                "type": "git",
                "url": "https://github.com/Koodimonni/Composer-Dropin-Installer.git",
                "reference": "618b96fd3bc8c1532610b7f7baedc4e60736a340"
            },
            "dist": {
                "type": "zip",
                "url": "https://api.github.com/repos/Koodimonni/Composer-Dropin-Installer/zipball/618b96fd3bc8c1532610b7f7baedc4e60736a340",
                "reference": "618b96fd3bc8c1532610b7f7baedc4e60736a340",
                "shasum": ""
            },
            "require": {
                "composer-plugin-api": "1.0.0"
            },
            "type": "composer-plugin",
            "extra": {
                "class": "Koodimonni\\Composer\\Dropin"
            },
            "autoload": {
                "psr-4": {
                    "Koodimonni\\Composer\\": "src"
                }
            },
            "notification-url": "https://packagist.org/downloads/",
            "license": [
                "WTFPL"
            ],
            "authors": [
                {
                    "name": "Onni Hakala",
                    "email": "onni@koodimonni.fi"
                }
            ],
            "description": "Do what the fuck you want with your composer packages aka. Composer Dropin installer. Install packages or part of packages into custom paths without overwriting existing stuff.",
            "time": "2015-01-04 10:24:12"
        },
        {
            "name": "wordpress",
            "version": "4.1.1",
            "dist": {
                "type": "zip",
                "url": "https://github.com/WordPress/WordPress/archive/4.1.1.zip",
                "reference": null,
                "shasum": null
            },
            "require": {
                "fancyguy/webroot-installer": "1.1.0"
            },
            "type": "webroot"
        },
        {
            "name": "wpackagist-plugin/addthis",
            "version": "4.0.7",
            "source": {
                "type": "svn",
                "url": "http://plugins.svn.wordpress.org/addthis/",
                "reference": "tags/4.0.7"
            },
            "dist": {
                "type": "zip",
                "url": "https://downloads.wordpress.org/plugin/addthis.4.0.7.zip",
                "reference": null,
                "shasum": null
            },
            "require": {
                "composer/installers": "~1.0"
            },
            "type": "wordpress-plugin",
            "homepage": "https://wordpress.org/plugins/addthis/"
        },
        {
            "name": "wpackagist-plugin/autoptimize",
            "version": "1.9.2",
            "source": {
                "type": "svn",
                "url": "http://plugins.svn.wordpress.org/autoptimize/",
                "reference": "tags/1.9.2"
            },
            "dist": {
                "type": "zip",
                "url": "https://downloads.wordpress.org/plugin/autoptimize.1.9.2.zip",
                "reference": null,
                "shasum": null
            },
            "require": {
                "composer/installers": "~1.0"
            },
            "type": "wordpress-plugin",
            "homepage": "https://wordpress.org/plugins/autoptimize/"
        },
        {
            "name": "wpackagist-plugin/google-apps-login",
            "version": "2.8.3",
            "source": {
                "type": "svn",
                "url": "http://plugins.svn.wordpress.org/google-apps-login/",
                "reference": "tags/2.8.3"
            },
            "dist": {
                "type": "zip",
                "url": "https://downloads.wordpress.org/plugin/google-apps-login.2.8.3.zip",
                "reference": null,
                "shasum": null
            },
            "require": {
                "composer/installers": "~1.0"
            },
            "type": "wordpress-plugin",
            "homepage": "https://wordpress.org/plugins/google-apps-login/"
        },
        {
            "name": "wpackagist-plugin/meta-box",
            "version": "4.4.3",
            "source": {
                "type": "svn",
                "url": "http://plugins.svn.wordpress.org/meta-box/",
                "reference": "trunk"
            },
            "dist": {
                "type": "zip",
                "url": "https://downloads.wordpress.org/plugin/meta-box.zip",
                "reference": null,
                "shasum": null
            },
            "require": {
                "composer/installers": "~1.0"
            },
            "type": "wordpress-plugin",
            "homepage": "https://wordpress.org/plugins/meta-box/"
        },
        {
            "name": "wpackagist-plugin/regenerate-thumbnails",
            "version": "2.2.4",
            "source": {
                "type": "svn",
                "url": "http://plugins.svn.wordpress.org/regenerate-thumbnails/",
                "reference": "tags/2.2.4"
            },
            "dist": {
                "type": "zip",
                "url": "https://downloads.wordpress.org/plugin/regenerate-thumbnails.2.2.4.zip",
                "reference": null,
                "shasum": null
            },
            "require": {
                "composer/installers": "~1.0"
            },
            "type": "wordpress-plugin",
            "homepage": "https://wordpress.org/plugins/regenerate-thumbnails/"
        },
        {
            "name": "wpackagist-plugin/simple-social-icons",
            "version": "1.0.8",
            "source": {
                "type": "svn",
                "url": "http://plugins.svn.wordpress.org/simple-social-icons/",
                "reference": "tags/1.0.8"
            },
            "dist": {
                "type": "zip",
                "url": "https://downloads.wordpress.org/plugin/simple-social-icons.1.0.8.zip",
                "reference": null,
                "shasum": null
            },
            "require": {
                "composer/installers": "~1.0"
            },
            "type": "wordpress-plugin",
            "homepage": "https://wordpress.org/plugins/simple-social-icons/"
        },
        {
            "name": "wpackagist-plugin/wordpress-mu-domain-mapping",
            "version": "0.5.5.1",
            "source": {
                "type": "svn",
                "url": "http://plugins.svn.wordpress.org/wordpress-mu-domain-mapping/",
                "reference": "tags/0.5.5.1"
            },
            "dist": {
                "type": "zip",
                "url": "https://downloads.wordpress.org/plugin/wordpress-mu-domain-mapping.0.5.5.1.zip",
                "reference": null,
                "shasum": null
            },
            "require": {
                "composer/installers": "~1.0"
            },
            "type": "wordpress-plugin",
            "homepage": "https://wordpress.org/plugins/wordpress-mu-domain-mapping/"
        },
        {
            "name": "wpackagist-plugin/wordpress-seo",
            "version": "2.0.1",
            "source": {
                "type": "svn",
                "url": "http://plugins.svn.wordpress.org/wordpress-seo/",
                "reference": "tags/2.0.1"
            },
            "dist": {
                "type": "zip",
                "url": "https://downloads.wordpress.org/plugin/wordpress-seo.2.0.1.zip",
                "reference": null,
                "shasum": null
            },
            "require": {
                "composer/installers": "~1.0"
            },
            "type": "wordpress-plugin",
            "homepage": "https://wordpress.org/plugins/wordpress-seo/"
        }
    ],
    "packages-dev": [],
    "aliases": [],
    "minimum-stability": "stable",
    "stability-flags": {
        "iip-design/america-publication-post-type": 20,
        "iipdesign/mailchimp-for-wordpress-pro": 20,
        "iipdesign/genesis": 20,
        "iipdesign/sitepress-multilingual-cms": 20,
        "iipdesign/wpml-cms-nav": 20,
        "iipdesign/wpml-media": 20,
        "iipdesign/wpml-sticky-links": 20,
        "iipdesign/wpml-string-translation": 20,
        "iipdesign/wpml-theme-tester": 20,
        "iipdesign/wpml-translation-management": 20,
        "iipdesign/wpml-xliff": 20
    },
    "prefer-stable": false,
    "prefer-lowest": false,
    "platform": [],
    "platform-dev": []
}
