{
    "_readme": [
        "This file locks the dependencies of your project to a known state",
        "Read more about it at https://getcomposer.org/doc/01-basic-usage.md#composer-lock-the-lock-file",
        "This file is @generated automatically"
    ],
    "hash": "d7b1e61f4d97b3c54f5f79b9a2d9c5c3",
    "content-hash": "75582c8f4120484462bbc706fd262bef",
    "hash": "1215260cb1a373a10df822b9064f7c42",
    "content-hash": "465601aa96c2205f1a859fb616359142",
    "packages": [
        {
            "name": "composer/installers",
            "version": "v1.0.21",
            "source": {
                "type": "git",
                "url": "https://github.com/composer/installers.git",
                "reference": "d64e23fce42a4063d63262b19b8e7c0f3b5e4c45"
            },
            "dist": {
                "type": "zip",
                "url": "https://api.github.com/repos/composer/installers/zipball/d64e23fce42a4063d63262b19b8e7c0f3b5e4c45",
                "reference": "d64e23fce42a4063d63262b19b8e7c0f3b5e4c45",
                "shasum": ""
            },
            "replace": {
                "roundcube/plugin-installer": "*",
                "shama/baton": "*"
            },
            "require-dev": {
                "composer/composer": "1.0.*@dev",
                "phpunit/phpunit": "4.1.*"
            },
            "type": "composer-installer",
            "extra": {
                "class": "Composer\\Installers\\Installer",
                "branch-alias": {
                    "dev-master": "1.0-dev"
                }
            },
            "autoload": {
                "psr-0": {
                    "Composer\\Installers\\": "src/"
                }
            },
            "notification-url": "https://packagist.org/downloads/",
            "license": [
                "MIT"
            ],
            "authors": [
                {
                    "name": "Kyle Robinson Young",
                    "email": "kyle@dontkry.com",
                    "homepage": "https://github.com/shama"
                }
            ],
            "description": "A multi-framework Composer library installer",
            "homepage": "http://composer.github.com/installers/",
            "keywords": [
                "Craft",
                "Dolibarr",
                "Hurad",
                "MODX Evo",
                "OXID",
                "SMF",
                "Thelia",
                "WolfCMS",
                "agl",
                "aimeos",
                "annotatecms",
                "bitrix",
                "cakephp",
                "chef",
                "codeigniter",
                "concrete5",
                "croogo",
                "dokuwiki",
                "drupal",
                "elgg",
                "fuelphp",
                "grav",
                "installer",
                "joomla",
                "kohana",
                "laravel",
                "lithium",
                "magento",
                "mako",
                "mediawiki",
                "modulework",
                "moodle",
                "phpbb",
                "piwik",
                "ppi",
                "puppet",
                "roundcube",
                "shopware",
                "silverstripe",
                "symfony",
                "typo3",
                "wordpress",
                "zend",
                "zikula"
            ],
            "time": "2015-02-18 17:17:01"
        },
        {
            "name": "fancyguy/webroot-installer",
            "version": "1.1.0",
            "source": {
                "type": "git",
                "url": "https://github.com/fancyguy/webroot-installer.git",
                "reference": "a2d5c2e149d837e5580a62a91d3c91577aa30d28"
            },
            "dist": {
                "type": "zip",
                "url": "https://api.github.com/repos/fancyguy/webroot-installer/zipball/a2d5c2e149d837e5580a62a91d3c91577aa30d28",
                "reference": "a2d5c2e149d837e5580a62a91d3c91577aa30d28",
                "shasum": ""
            },
            "require-dev": {
                "composer/composer": "1.0.*@dev",
                "phpunit/phpunit": "3.7.*"
            },
            "type": "composer-installer",
            "extra": {
                "class": "FancyGuy\\Composer\\WebrootInstaller"
            },
            "autoload": {
                "psr-0": {
                    "FancyGuy\\Composer\\": "src/"
                }
            },
            "notification-url": "https://packagist.org/downloads/",
            "license": [
                "BSD-3-Clause"
            ],
            "authors": [
                {
                    "name": "Steve Buzonas",
                    "email": "steve@fancyguy.com",
                    "homepage": "http://www.stevebuzonas.com"
                }
            ],
            "description": "A composer installer for libraries that live in an application webroot.",
            "homepage": "http://fancyguy.github.com/webroot-installer/",
            "time": "2013-03-15 17:51:14"
        },
        {
            "name": "humanmade/s3-uploads",
            "version": "dev-master",
            "source": {
                "type": "git",
                "url": "git@github.com:humanmade/S3-Uploads.git",
                "reference": "a1d11e8989cf8f213b73db0d80a67c0412f11207"
            },
            "require": {
                "composer/installers": "~1.0"
            },
            "type": "wordpress-plugin",
            "license": [
                "GPL-2.0+"
            ],
            "authors": [
                {
                    "name": "Human Made Limited",
                    "email": "support@humanmade.co.uk",
                    "homepage": "http://hmn.md/"
                }
            ],
            "description": "WordPress plugin to store uploads on S3",
            "homepage": "https://github.com/humanmade/S3-Uploads",
            "keywords": [
                "wordpress"
            ],
            "support": {
                "issues": "https://github.com/humanmade/s3-uploads/issues",
                "source": "https://github.com/humanmade/s3-uploads"
            },
            "time": "2016-02-16 20:16:36"
        },
        {
            "name": "koodimonni/composer-dropin-installer",
            "version": "0.2.4",
            "source": {
                "type": "git",
                "url": "https://github.com/Koodimonni/Composer-Dropin-Installer.git",
                "reference": "618b96fd3bc8c1532610b7f7baedc4e60736a340"
            },
            "dist": {
                "type": "zip",
                "url": "https://api.github.com/repos/Koodimonni/Composer-Dropin-Installer/zipball/618b96fd3bc8c1532610b7f7baedc4e60736a340",
                "reference": "618b96fd3bc8c1532610b7f7baedc4e60736a340",
                "shasum": ""
            },
            "require": {
                "composer-plugin-api": "1.0.0"
            },
            "type": "composer-plugin",
            "extra": {
                "class": "Koodimonni\\Composer\\Dropin"
            },
            "autoload": {
                "psr-4": {
                    "Koodimonni\\Composer\\": "src"
                }
            },
            "notification-url": "https://packagist.org/downloads/",
            "license": [
                "WTFPL"
            ],
            "authors": [
                {
                    "name": "Onni Hakala",
                    "email": "onni@koodimonni.fi"
                }
            ],
            "description": "Do what the fuck you want with your composer packages aka. Composer Dropin installer. Install packages or part of packages into custom paths without overwriting existing stuff.",
            "time": "2015-01-04 10:24:12"
        },
        {
            "name": "usstatedept/advanced-custom-fields",
            "version": "5.3.2.2",
            "source": {
                "type": "git",
                "url": "git@github.com:USStateDept/advanced-custom-fields.git",
                "reference": "b71152c79368d4240e734c9371413b1889e77b89"
            },
            "require": {
                "composer/installers": "v1.0.21"
            },
            "type": "wordpress-plugin",
            "description": "Advanced Custom Fields",
            "time": "2015-12-16 18:06:07"
        },
        {
            "name": "usstatedept/america",
            "version": "dev-publications",
            "source": {
                "type": "git",
                "url": "git@github.com:USStateDept/America-theme.git",
                "reference": "d9cc7f543c83e185e3d31ead02bf1ec206087e2a"
            },
            "require": {
                "composer/installers": "v1.0.21"
            },
            "type": "wordpress-theme",
            "license": [
                "MIT"
            ],
            "authors": [
                {
                    "name": "Nathan Kleekamp",
                    "email": "nkleekamp@gmail.com"
                }
            ],
            "description": "The America.gov base theme",
            "time": "2016-03-01 21:02:05"
        },
        {
            "name": "usstatedept/america-ajax-search",
            "version": "dev-master",
            "source": {
                "type": "git",
                "url": "git@github.com:USStateDept/-america-ajax-search-filter.git",
                "reference": "72ecb7d1001020bcc784dc4428d3826febc7cdfa"
            },
            "require": {
                "composer/installers": "~1.0"
            },
            "type": "wordpress-plugin",
            "authors": [
                {
                    "name": "Office of Design, Bureau of International Information Programs",
                    "email": "reganta@america.gov"
                }
            ],
            "description": "Plugin tp provide js searching and filtering",
            "time": "2016-02-29 21:28:35"
        },
        {
            "name": "usstatedept/america-page-protection",
            "version": "1.0.3",
            "source": {
                "type": "git",
                "url": "git@github.com:USStateDept/america-page-protection.git",
                "reference": "aa76a62328669f13c443ef77cbeebd259dc9b46f"
            },
            "require": {
                "composer/installers": "~1.0"
            },
            "type": "wordpress-plugin",
            "authors": [
                {
                    "name": "Office of Design, Bureau of International Information Programs",
                    "email": "reganta@america.gov"
                }
            ],
            "description": "Add password page protection to secured sites",
            "time": "2015-12-07 21:50:55"
        },
        {
            "name": "usstatedept/america-publication-post-type",
            "version": "1.0",
            "source": {
                "type": "git",
                "url": "git@github.com:USStateDept/america-publication-post-type.git",
                "reference": "ee8b8f0dc86eeb8f6ece96f48ba1962f0d78fe1e"
            },
            "require": {
                "composer/installers": "~1.0"
            },
            "type": "wordpress-plugin",
            "authors": [
                {
                    "name": "Office of Design, Bureau of International Information Programs",
                    "email": "reganta@america.gov"
                }
            ],
            "description": "Custom Publication Post Type",
            "time": "2016-03-01 21:28:26"
        },
        {
            "name": "usstatedept/america-theme-extender",
            "version": "1.2.1",
            "source": {
                "type": "git",
                "url": "git@github.com:USStateDept/america-theme-extender.git",
                "reference": "c4c132ab4d4c657f10ec606ff97a0b520fb37236"
            },
            "require": {
                "composer/installers": "~1.0"
            },
            "type": "wordpress-plugin",
            "authors": [
                {
                    "name": "Office of Design, Bureau of International Information Programs",
                    "email": "reganta@america.gov"
                }
            ],
            "description": "Extends america base theme",
            "time": "2015-12-07 21:47:47"
        },
        {
            "name": "usstatedept/genesis",
            "version": "2.2.4",
            "source": {
                "type": "git",
                "url": "git@github.com:USStateDept/genesis-framework.git",
                "reference": "97f6829cebc400ff2e848ad946fad7242a492b42"
            },
            "require": {
                "composer/installers": "v1.0.21"
            },
            "type": "wordpress-theme",
            "authors": [
                {
                    "name": "Studiopress",
                    "email": "genesis@copyblogger.com"
                }
            ],
            "description": "The Genesis Framework package for America.gov",
            "time": "2015-12-16 20:46:17"
        },
        {
            "name": "usstatedept/languages",
            "version": "4.3.1",
            "source": {
                "type": "git",
                "url": "https://github.com/USStateDept/wp_core_languages.git",
                "reference": "6d9baad4a604e599fc40dd17ef3be105aa6f20d2"
            },
            "require": {
                "composer/installers": "v1.0.21"
            },
            "type": "wordpress-plugin",
            "license": [
                "MIT"
            ],
            "authors": [
                {
                    "name": "Sean Parker",
                    "email": "parkersr@america.gov"
                }
            ],
            "description": "Language files for Wordpress Core",
            "time": "2016-01-19 19:16:04"
        },
        {
            "name": "usstatedept/mailchimp-for-wp-pro",
            "version": "2.4.2",
            "source": {
                "type": "git",
                "url": "git@github.com:USStateDept/mailchimp-for-wp-pro.git",
                "reference": "a89ec9c9d0d85b88804ac3f983c3b5a46610c2a4"
            },
            "require": {
                "composer/installers": "~1.0"
            },
            "type": "wordpress-plugin",
            "description": " ",
            "time": "2015-10-06 12:40:51"
        },
        {
            "name": "usstatedept/sitepress-multilingual-cms",
            "version": "dev-wpml_3_3_5_switcher_1221_1299_1362",
            "source": {
                "type": "git",
                "url": "git@github.com:USStateDept/sitepress-multilingual-cms.git",
                "reference": "a0fa1b142153ba033c698d000765b38d0822650d"
            },
            "require": {
                "composer/installers": "v1.0.21"
            },
            "type": "wordpress-plugin",
            "license": [
                "GPL"
            ],
            "authors": [
                {
                    "name": "Nathan Kleekamp",
                    "email": "nkleekamp@gmail.com"
                }
            ],
            "description": "The core plugin turns WordPress multilingual. It adds the basic translation controls and allows translating content.",
            "time": "2016-01-05 20:47:46"
        },
        {
            "name": "usstatedept/wp-hide-login-form",
            "version": "1.0.1",
            "source": {
                "type": "git",
                "url": "git@github.com:USStateDept/wp-hide-login-form.git",
                "reference": "5c9a0f55eeea503f82e42d0438fceda8640016ca"
            },
            "require": {
                "composer/installers": "~1.0"
            },
            "type": "wordpress-plugin",
            "authors": [
                {
                    "name": "Office of Design, Bureau of International Information Programs",
                    "email": "gustassj@america.gov"
                }
            ],
            "description": "A WordPress plugin to hide the login form on the login page when the Google Apps Login plugin is active.",
            "time": "2015-12-16 16:18:36"
        },
        {
            "name": "usstatedept/wpml-cms-nav",
            "version": "1.4.15",
            "source": {
                "type": "git",
                "url": "git@github.com:USStateDept/wpml-cms-nav.git",
                "reference": "2bdebac3098fb82b055064c575dd16ce058ad337"
            },
            "require": {
                "composer/installers": "~1.0"
            },
            "type": "wordpress-plugin",
            "description": "Adds CMS navigation elements to sites built with WPML",
            "time": "2016-01-04 16:38:10"
        },
        {
            "name": "usstatedept/wpml-media",
            "version": "2.1.18",
            "source": {
                "type": "git",
                "url": "git@github.com:USStateDept/wpml-media.git",
                "reference": "ce5ea9b4840a9d665d729fa251ba30e028f5f716"
            },
            "require": {
                "composer/installers": "~1.0"
            },
            "type": "wordpress-plugin",
            "description": "Add multilingual support for Media files",
            "time": "2016-01-04 15:53:30"
        },
        {
            "name": "usstatedept/wpml-sticky-links",
            "version": "1.3.17",
            "source": {
                "type": "git",
                "url": "git@github.com:USStateDept/wpml-sticky-links.git",
                "reference": "3e26258bd225788516b44ad8da34003f78e7b51d"
            },
            "require": {
                "composer/installers": "~1.0"
            },
            "type": "wordpress-plugin",
            "description": "Prevents internal links from ever breaking",
            "time": "2016-01-04 16:31:44"
        },
        {
            "name": "usstatedept/wpml-string-translation",
            "version": "2.3.5",
            "source": {
                "type": "git",
                "url": "git@github.com:USStateDept/wpml-string-translation.git",
                "reference": "e4c86775fed48ca535e62f85842e59ecca02c78e"
            },
            "require": {
                "composer/installers": "~1.0"
            },
            "type": "wordpress-plugin",
            "description": "Adds theme and plugins localization capabilities to WPML",
            "time": "2016-01-04 16:28:59"
        },
        {
            "name": "wordpress",
            "version": "4.4",
            "dist": {
                "type": "zip",
                "url": "https://github.com/WordPress/WordPress/archive/4.4.zip",
                "reference": null,
                "shasum": null
            },
            "require": {
                "fancyguy/webroot-installer": "1.1.0"
            },
            "type": "webroot"
        },
        {
            "name": "wpackagist-plugin/addthis",
            "version": "5.2.2",
            "source": {
                "type": "svn",
                "url": "http://plugins.svn.wordpress.org/addthis/",
                "reference": "tags/5.2.2"
            },
            "dist": {
                "type": "zip",
                "url": "https://downloads.wordpress.org/plugin/addthis.5.2.2.zip",
                "reference": null,
                "shasum": null
            },
            "require": {
                "composer/installers": "~1.0"
            },
            "type": "wordpress-plugin",
            "homepage": "https://wordpress.org/plugins/addthis/"
        },
        {
            "name": "wpackagist-plugin/amazon-ses-and-dkim-mailer",
            "version": "1.7",
            "source": {
                "type": "svn",
                "url": "http://plugins.svn.wordpress.org/amazon-ses-and-dkim-mailer/",
                "reference": "tags/1.7"
            },
            "dist": {
                "type": "zip",
                "url": "https://downloads.wordpress.org/plugin/amazon-ses-and-dkim-mailer.1.7.zip",
                "reference": null,
                "shasum": null
            },
            "require": {
                "composer/installers": "~1.0"
            },
            "type": "wordpress-plugin",
            "homepage": "https://wordpress.org/plugins/amazon-ses-and-dkim-mailer/"
        },
        {
            "name": "wpackagist-plugin/autoptimize",
            "version": "1.9.4",
            "source": {
                "type": "svn",
                "url": "http://plugins.svn.wordpress.org/autoptimize/",
                "reference": "tags/1.9.4"
            },
            "dist": {
                "type": "zip",
                "url": "https://downloads.wordpress.org/plugin/autoptimize.1.9.4.zip",
                "reference": null,
                "shasum": null
            },
            "require": {
                "composer/installers": "~1.0"
            },
            "type": "wordpress-plugin",
            "homepage": "https://wordpress.org/plugins/autoptimize/"
        },
        {
            "name": "wpackagist-plugin/contact-form-7",
            "version": "4.3.1",
            "source": {
                "type": "svn",
                "url": "http://plugins.svn.wordpress.org/contact-form-7/",
                "reference": "tags/4.3.1"
            },
            "dist": {
                "type": "zip",
                "url": "https://downloads.wordpress.org/plugin/contact-form-7.4.3.1.zip",
                "reference": null,
                "shasum": null
            },
            "require": {
                "composer/installers": "~1.0"
            },
            "type": "wordpress-plugin",
            "homepage": "https://wordpress.org/plugins/contact-form-7/"
        },
        {
            "name": "wpackagist-plugin/google-apps-login",
            "version": "2.8.15",
            "source": {
                "type": "svn",
                "url": "http://plugins.svn.wordpress.org/google-apps-login/",
                "reference": "tags/2.8.15"
            },
            "dist": {
                "type": "zip",
                "url": "https://downloads.wordpress.org/plugin/google-apps-login.2.8.15.zip",
                "reference": null,
                "shasum": null
            },
            "require": {
                "composer/installers": "~1.0"
            },
            "type": "wordpress-plugin",
            "homepage": "https://wordpress.org/plugins/google-apps-login/"
        },
        {
            "name": "wpackagist-plugin/gravitate-event-tracking",
            "version": "1.4.1",
            "source": {
                "type": "svn",
                "url": "http://plugins.svn.wordpress.org/gravitate-event-tracking/",
                "reference": "trunk"
            },
            "dist": {
                "type": "zip",
                "url": "https://downloads.wordpress.org/plugin/gravitate-event-tracking.zip",
                "reference": null,
                "shasum": null
            },
            "require": {
                "composer/installers": "~1.0"
            },
            "type": "wordpress-plugin",
            "homepage": "https://wordpress.org/plugins/gravitate-event-tracking/"
        },
        {
            "name": "wpackagist-plugin/password-protected",
            "version": "2.0.2",
            "source": {
                "type": "svn",
                "url": "http://plugins.svn.wordpress.org/password-protected/",
                "reference": "tags/2.0.2"
            },
            "dist": {
                "type": "zip",
                "url": "https://downloads.wordpress.org/plugin/password-protected.2.0.2.zip",
                "reference": null,
                "shasum": null
            },
            "require": {
                "composer/installers": "~1.0"
            },
            "type": "wordpress-plugin",
            "homepage": "https://wordpress.org/plugins/password-protected/"
        },
        {
            "name": "wpackagist-plugin/redirection",
            "version": "2.4.3",
            "source": {
                "type": "svn",
                "url": "http://plugins.svn.wordpress.org/redirection/",
                "reference": "tags/2.4.3"
            },
            "dist": {
                "type": "zip",
                "url": "https://downloads.wordpress.org/plugin/redirection.2.4.3.zip",
                "reference": null,
                "shasum": null
            },
            "require": {
                "composer/installers": "~1.0"
            },
            "type": "wordpress-plugin",
            "homepage": "https://wordpress.org/plugins/redirection/"
        },
        {
            "name": "wpackagist-plugin/regenerate-thumbnails",
            "version": "2.2.5",
            "source": {
                "type": "svn",
                "url": "http://plugins.svn.wordpress.org/regenerate-thumbnails/",
                "reference": "tags/2.2.5"
            },
            "dist": {
                "type": "zip",
                "url": "https://downloads.wordpress.org/plugin/regenerate-thumbnails.2.2.5.zip",
                "reference": null,
                "shasum": null
            },
            "require": {
                "composer/installers": "~1.0"
            },
            "type": "wordpress-plugin",
            "homepage": "https://wordpress.org/plugins/regenerate-thumbnails/"
        },
        {
            "name": "wpackagist-plugin/simple-social-icons",
            "version": "1.0.14",
            "source": {
                "type": "svn",
                "url": "http://plugins.svn.wordpress.org/simple-social-icons/",
                "reference": "tags/1.0.14"
            },
            "dist": {
                "type": "zip",
                "url": "https://downloads.wordpress.org/plugin/simple-social-icons.1.0.14.zip",
                "reference": null,
                "shasum": null
            },
            "require": {
                "composer/installers": "~1.0"
            },
            "type": "wordpress-plugin",
            "homepage": "https://wordpress.org/plugins/simple-social-icons/"
        },
        {
            "name": "wpackagist-plugin/wordpress-mu-domain-mapping",
            "version": "0.5.5.1",
            "source": {
                "type": "svn",
                "url": "http://plugins.svn.wordpress.org/wordpress-mu-domain-mapping/",
                "reference": "tags/0.5.5.1"
            },
            "dist": {
                "type": "zip",
                "url": "https://downloads.wordpress.org/plugin/wordpress-mu-domain-mapping.0.5.5.1.zip",
                "reference": null,
                "shasum": null
            },
            "require": {
                "composer/installers": "~1.0"
            },
            "type": "wordpress-plugin",
            "homepage": "https://wordpress.org/plugins/wordpress-mu-domain-mapping/"
        },
        {
            "name": "wpackagist-plugin/wordpress-seo",
            "version": "3.0.6",
            "source": {
                "type": "svn",
                "url": "http://plugins.svn.wordpress.org/wordpress-seo/",
                "reference": "tags/3.0.6"
            },
            "dist": {
                "type": "zip",
                "url": "https://downloads.wordpress.org/plugin/wordpress-seo.3.0.6.zip",
                "reference": null,
                "shasum": null
            },
            "require": {
                "composer/installers": "~1.0"
            },
            "type": "wordpress-plugin",
            "homepage": "https://wordpress.org/plugins/wordpress-seo/"
        }
    ],
    "packages-dev": [],
    "aliases": [],
    "minimum-stability": "stable",
    "stability-flags": {
        "humanmade/s3-uploads": 20,
        "usstatedept/america": 20,
        "usstatedept/america-ajax-search": 20,
        "usstatedept/sitepress-multilingual-cms": 20
    },
    "prefer-stable": false,
    "prefer-lowest": false,
    "platform": [],
    "platform-dev": []
}
